
Microsoft Visual Studio Solution File, Format Version 11.00
# Visual Studio 2010
Project("{FAE04EC0-301F-11D3-BF4B-00C04F79EFBC}") = "GridLoadedWithAjaxInTabStrip", "GridLoadedWithAjaxInTabStrip\GridLoadedWithAjaxInTabStrip.csproj", "{0F7FED99-1BF4-4A4D-BF8A-A226BFE3FBFF}"
EndProject
Global
	GlobalSection(SolutionConfigurationPlatforms) = preSolution
		Debug|Any CPU = Debug|Any CPU
		Release|Any CPU = Release|Any CPU
	EndGlobalSection
	GlobalSection(ProjectConfigurationPlatforms) = postSolution
		{0F7FED99-1BF4-4A4D-BF8A-A226BFE3FBFF}.Debug|Any CPU.ActiveCfg = Debug|Any CPU
		{0F7FED99-1BF4-4A4D-BF8A-A226BFE3FBFF}.Debug|Any CPU.Build.0 = Debug|Any CPU
		{0F7FED99-1BF4-4A4D-BF8A-A226BFE3FBFF}.Release|Any CPU.ActiveCfg = Release|Any CPU
		{0F7FED99-1BF4-4A4D-BF8A-A226BFE3FBFF}.Release|Any CPU.Build.0 = Release|Any CPU
	EndGlobalSection
	GlobalSection(SolutionProperties) = preSolution
		HideSolutionNode = FALSE
	EndGlobalSection
EndGlobal
