
Microsoft Visual Studio Solution File, Format Version 11.00
# Visual Studio 2010
Project("{FAE04EC0-301F-11D3-BF4B-00C04F79EFBC}") = "XmlTreeView", "XmlTreeView\XmlTreeView.csproj", "{A284BB92-1764-4013-A0E8-2F4530B8FE1D}"
EndProject
Global
	GlobalSection(SolutionConfigurationPlatforms) = preSolution
		Debug|Any CPU = Debug|Any CPU
		Release|Any CPU = Release|Any CPU
	EndGlobalSection
	GlobalSection(ProjectConfigurationPlatforms) = postSolution
		{A284BB92-1764-4013-A0E8-2F4530B8FE1D}.Debug|Any CPU.ActiveCfg = Debug|Any CPU
		{A284BB92-1764-4013-A0E8-2F4530B8FE1D}.Debug|Any CPU.Build.0 = Debug|Any CPU
		{A284BB92-1764-4013-A0E8-2F4530B8FE1D}.Release|Any CPU.ActiveCfg = Release|Any CPU
		{A284BB92-1764-4013-A0E8-2F4530B8FE1D}.Release|Any CPU.Build.0 = Release|Any CPU
	EndGlobalSection
	GlobalSection(SolutionProperties) = preSolution
		HideSolutionNode = FALSE
	EndGlobalSection
EndGlobal
